
Microsoft Visual Studio Solution File, Format Version 12.00
# Visual Studio Version 17
VisualStudioVersion = 17.3.32929.385
MinimumVisualStudioVersion = 10.0.40219.1
Project("{FAE04EC0-301F-11D3-BF4B-00C04F79EFBC}") = "HomeworkTwentyOneUI", "HomeworkTwentyOneUI\HomeworkTwentyOneUI.csproj", "{470CF72A-9511-4DEA-9BBE-690E4B5630A9}"
EndProject
Project("{FAE04EC0-301F-11D3-BF4B-00C04F79EFBC}") = "HomeworkTwentyOneLibrary", "HomeworkTwentyOneLibrary\HomeworkTwentyOneLibrary.csproj", "{BD72407B-0377-4A2E-9211-42D007EC3C29}"
EndProject
Global
	GlobalSection(SolutionConfigurationPlatforms) = preSolution
		Debug|Any CPU = Debug|Any CPU
		Release|Any CPU = Release|Any CPU
	EndGlobalSection
	GlobalSection(ProjectConfigurationPlatforms) = postSolution
		{470CF72A-9511-4DEA-9BBE-690E4B5630A9}.Debug|Any CPU.ActiveCfg = Debug|Any CPU
		{470CF72A-9511-4DEA-9BBE-690E4B5630A9}.Debug|Any CPU.Build.0 = Debug|Any CPU
		{470CF72A-9511-4DEA-9BBE-690E4B5630A9}.Release|Any CPU.ActiveCfg = Release|Any CPU
		{470CF72A-9511-4DEA-9BBE-690E4B5630A9}.Release|Any CPU.Build.0 = Release|Any CPU
		{BD72407B-0377-4A2E-9211-42D007EC3C29}.Debug|Any CPU.ActiveCfg = Debug|Any CPU
		{BD72407B-0377-4A2E-9211-42D007EC3C29}.Debug|Any CPU.Build.0 = Debug|Any CPU
		{BD72407B-0377-4A2E-9211-42D007EC3C29}.Release|Any CPU.ActiveCfg = Release|Any CPU
		{BD72407B-0377-4A2E-9211-42D007EC3C29}.Release|Any CPU.Build.0 = Release|Any CPU
	EndGlobalSection
	GlobalSection(SolutionProperties) = preSolution
		HideSolutionNode = FALSE
	EndGlobalSection
	GlobalSection(ExtensibilityGlobals) = postSolution
		SolutionGuid = {B77EE2D0-9E9C-4C8A-A08F-EFA051BC032F}
	EndGlobalSection
EndGlobal
